
Microsoft Visual Studio Solution File, Format Version 12.00
# Visual Studio Version 16
VisualStudioVersion = 16.0.31702.278
MinimumVisualStudioVersion = 10.0.40219.1
Project("{FAE04EC0-301F-11D3-BF4B-00C04F79EFBC}") = "Ex1", "Ex1\Ex1.csproj", "{A605FD87-DA27-4648-A8ED-727A47614A81}"
EndProject
Project("{FAE04EC0-301F-11D3-BF4B-00C04F79EFBC}") = "Ex2", "Ex2\Ex2.csproj", "{249B3A92-0485-4DBF-A1D8-9C7493E5AB98}"
EndProject
Project("{FAE04EC0-301F-11D3-BF4B-00C04F79EFBC}") = "Ex3", "Ex3\Ex3.csproj", "{E36417F0-F743-451E-83AC-40A4257A45BE}"
EndProject
Project("{FAE04EC0-301F-11D3-BF4B-00C04F79EFBC}") = "Ex4", "Ex4\Ex4.csproj", "{6D2325A0-3F26-4F00-A533-871AE829BF99}"
EndProject
Global
	GlobalSection(SolutionConfigurationPlatforms) = preSolution
		Debug|Any CPU = Debug|Any CPU
		Release|Any CPU = Release|Any CPU
	EndGlobalSection
	GlobalSection(ProjectConfigurationPlatforms) = postSolution
		{A605FD87-DA27-4648-A8ED-727A47614A81}.Debug|Any CPU.ActiveCfg = Debug|Any CPU
		{A605FD87-DA27-4648-A8ED-727A47614A81}.Debug|Any CPU.Build.0 = Debug|Any CPU
		{A605FD87-DA27-4648-A8ED-727A47614A81}.Release|Any CPU.ActiveCfg = Release|Any CPU
		{A605FD87-DA27-4648-A8ED-727A47614A81}.Release|Any CPU.Build.0 = Release|Any CPU
		{249B3A92-0485-4DBF-A1D8-9C7493E5AB98}.Debug|Any CPU.ActiveCfg = Debug|Any CPU
		{249B3A92-0485-4DBF-A1D8-9C7493E5AB98}.Debug|Any CPU.Build.0 = Debug|Any CPU
		{249B3A92-0485-4DBF-A1D8-9C7493E5AB98}.Release|Any CPU.ActiveCfg = Release|Any CPU
		{249B3A92-0485-4DBF-A1D8-9C7493E5AB98}.Release|Any CPU.Build.0 = Release|Any CPU
		{E36417F0-F743-451E-83AC-40A4257A45BE}.Debug|Any CPU.ActiveCfg = Debug|Any CPU
		{E36417F0-F743-451E-83AC-40A4257A45BE}.Debug|Any CPU.Build.0 = Debug|Any CPU
		{E36417F0-F743-451E-83AC-40A4257A45BE}.Release|Any CPU.ActiveCfg = Release|Any CPU
		{E36417F0-F743-451E-83AC-40A4257A45BE}.Release|Any CPU.Build.0 = Release|Any CPU
		{6D2325A0-3F26-4F00-A533-871AE829BF99}.Debug|Any CPU.ActiveCfg = Debug|Any CPU
		{6D2325A0-3F26-4F00-A533-871AE829BF99}.Debug|Any CPU.Build.0 = Debug|Any CPU
		{6D2325A0-3F26-4F00-A533-871AE829BF99}.Release|Any CPU.ActiveCfg = Release|Any CPU
		{6D2325A0-3F26-4F00-A533-871AE829BF99}.Release|Any CPU.Build.0 = Release|Any CPU
	EndGlobalSection
	GlobalSection(SolutionProperties) = preSolution
		HideSolutionNode = FALSE
	EndGlobalSection
	GlobalSection(ExtensibilityGlobals) = postSolution
		SolutionGuid = {B9844004-98DB-4175-B24C-FB737860F22B}
	EndGlobalSection
EndGlobal
